
Microsoft Visual Studio Solution File, Format Version 12.00
# Visual Studio 15
VisualStudioVersion = 15.0.28307.489
MinimumVisualStudioVersion = 10.0.40219.1
Project("{FAE04EC0-301F-11D3-BF4B-00C04F79EFBC}") = "Deliverable1", "Deliverable1.csproj", "{C143116B-DC94-4AF6-9F91-DE284AAB62EC}"
EndProject
Global
	GlobalSection(SolutionConfigurationPlatforms) = preSolution
		Debug|Any CPU = Debug|Any CPU
		Release|Any CPU = Release|Any CPU
	EndGlobalSection
	GlobalSection(ProjectConfigurationPlatforms) = postSolution
		{C143116B-DC94-4AF6-9F91-DE284AAB62EC}.Debug|Any CPU.ActiveCfg = Debug|Any CPU
		{C143116B-DC94-4AF6-9F91-DE284AAB62EC}.Debug|Any CPU.Build.0 = Debug|Any CPU
		{C143116B-DC94-4AF6-9F91-DE284AAB62EC}.Release|Any CPU.ActiveCfg = Release|Any CPU
		{C143116B-DC94-4AF6-9F91-DE284AAB62EC}.Release|Any CPU.Build.0 = Release|Any CPU
	EndGlobalSection
	GlobalSection(SolutionProperties) = preSolution
		HideSolutionNode = FALSE
	EndGlobalSection
	GlobalSection(ExtensibilityGlobals) = postSolution
		SolutionGuid = {23FC898B-FD8F-4346-A6FE-2479FF94DFA4}
	EndGlobalSection
EndGlobal
